agents:
  checker__quality_tail:
    config_hash: 4cca84a3c824
    dependencies:
    - quality_gate
    pool_size: 1
    version: '1.1'
  fact_checker__quality_tail:
    config_hash: 11e5aedb286d
    dependencies:
    - checker
    pool_size: 1
    version: '1.0'
  fetcher:
    config_hash: 608ae47a27f3
    dependencies:
    - researcher
    pool_size: 1
    version: '1.0'
  layout__quality_tail:
    config_hash: fd4abfa751e5
    dependencies:
    - fact_checker
    pool_size: 1
    version: '2.0'
  quality_gate__quality_tail:
    config_hash: db28e2c9363f
    dependencies: []
    pool_size: 1
    version: '2.0'
  renderer:
    config_hash: c8d6cc85f482
    dependencies:
    - quality_tail
    pool_size: 1
    version: '1.0'
  researcher_pool_0:
    config_hash: dacb28d53838
    dependencies: &id001 []
    pool_size: 2
    version: '2.0'
  researcher_pool_1:
    config_hash: dacb28d53838
    dependencies: *id001
    pool_size: 2
    version: '2.0'
  safe_writer__quality_tail:
    config_hash: a5047e77162a
    dependencies:
    - layout
    pool_size: 1
    version: '2.0'
  writer:
    config_hash: fab8f299574f
    dependencies:
    - fetcher
    pool_size: 1
    version: '2.0'
created_at: '2026-10-06T20:19:35'
node_count: 10
pipeline: docgen-render
plan_id: 4f032504
topology_hash: 3a28a72ff2e2
