agents:
  checker__quality_tail:
    config_hash: 4cca84a3c824
    dependencies:
    - quality_gate
    pool_size: 1
    version: '1.1'
  fact_checker__quality_tail:
    config_hash: 11e5aedb286d
    dependencies:
    - checker
    pool_size: 1
    version: '1.0'
  ingest:
    config_hash: fc9e5efd88b0
    dependencies: []
    pool_size: 1
    version: '1.0'
  knowledge_base:
    config_hash: 9ccb238b83aa
    dependencies:
    - ingest
    pool_size: 1
    version: '1.0'
  layout__quality_tail:
    config_hash: fd4abfa751e5
    dependencies:
    - fact_checker
    pool_size: 1
    version: '2.0'
  quality_gate__quality_tail:
    config_hash: db28e2c9363f
    dependencies: []
    pool_size: 1
    version: '2.0'
  safe_writer__quality_tail:
    config_hash: a5047e77162a
    dependencies:
    - layout
    pool_size: 1
    version: '2.0'
  writer:
    config_hash: fab8f299574f
    dependencies:
    - knowledge_base
    pool_size: 1
    version: '2.0'
created_at: '2026-10-06T20:19:36'
node_count: 8
pipeline: kb-docgen
plan_id: b46c76cd
topology_hash: 9297257cbd1d
