agents:
  checker:
    config_hash: 4cca84a3c824
    dependencies:
    - quality_gate
    pool_size: 1
    version: '1.1'
  fetcher:
    config_hash: 30fbf71b3595
    dependencies:
    - researcher
    pool_size: 1
    version: '1.0'
  layout:
    config_hash: fd4abfa751e5
    dependencies:
    - checker
    pool_size: 1
    version: '2.0'
  quality_gate:
    config_hash: 71f3d10e9648
    dependencies:
    - writer
    pool_size: 1
    version: '2.0'
  researcher:
    config_hash: 552f7502325d
    dependencies: []
    pool_size: 1
    version: '1.0'
  safe_writer:
    config_hash: a5047e77162a
    dependencies:
    - layout
    pool_size: 1
    version: '2.0'
  writer:
    config_hash: f2e2f82e7b8e
    dependencies:
    - fetcher
    pool_size: 1
    version: '2.0'
created_at: '2026-10-07T01:59:25'
node_count: 7
pipeline: test_pipeline
plan_id: 29f73d3f
topology_hash: 13469ffa37b6
