agents:
  checker:
    config_hash: 4cca84a3c824
    dependencies:
    - quality_gate
    pool_size: 1
    version: '1.1'
  fetcher:
    config_hash: 297ef7f0ca2b
    dependencies:
    - researcher
    pool_size: 1
    version: '1.0'
  layout:
    config_hash: fd4abfa751e5
    dependencies:
    - checker
    pool_size: 1
    version: '2.0'
  quality_gate:
    config_hash: fddf480ceaaa
    dependencies:
    - writer
    pool_size: 1
    version: '2.0'
  researcher_pool_0:
    config_hash: bf4f6af9d425
    dependencies: &id001 []
    pool_size: 2
    version: '2.0'
  researcher_pool_1:
    config_hash: bf4f6af9d425
    dependencies: *id001
    pool_size: 2
    version: '2.0'
  safe_writer:
    config_hash: a5047e77162a
    dependencies:
    - layout
    pool_size: 1
    version: '2.0'
  writer:
    config_hash: bfadc3d346b4
    dependencies:
    - fetcher
    pool_size: 1
    version: '2.0'
created_at: '2026-10-06T20:19:36'
node_count: 8
pipeline: three_pass
plan_id: dda194fd
topology_hash: 6f706b933bce
